
Microsoft Visual Studio Solution File, Format Version 12.00
# Visual Studio 14
VisualStudioVersion = 14.0.25420.1
MinimumVisualStudioVersion = 10.0.40219.1
Project("{FAE04EC0-301F-11D3-BF4B-00C04F79EFBC}") = "TasklingTester", "TasklingTester\TasklingTester.csproj", "{159F0D17-79F1-4AC2-94A0-6614FB3E8E10}"
EndProject
Global
	GlobalSection(SolutionConfigurationPlatforms) = preSolution
		Debug|Any CPU = Debug|Any CPU
		Release|Any CPU = Release|Any CPU
	EndGlobalSection
	GlobalSection(ProjectConfigurationPlatforms) = postSolution
		{159F0D17-79F1-4AC2-94A0-6614FB3E8E10}.Debug|Any CPU.ActiveCfg = Debug|Any CPU
		{159F0D17-79F1-4AC2-94A0-6614FB3E8E10}.Debug|Any CPU.Build.0 = Debug|Any CPU
		{159F0D17-79F1-4AC2-94A0-6614FB3E8E10}.Release|Any CPU.ActiveCfg = Release|Any CPU
		{159F0D17-79F1-4AC2-94A0-6614FB3E8E10}.Release|Any CPU.Build.0 = Release|Any CPU
	EndGlobalSection
	GlobalSection(SolutionProperties) = preSolution
		HideSolutionNode = FALSE
	EndGlobalSection
EndGlobal
